
Microsoft Visual Studio Solution File, Format Version 12.00
# Visual Studio Version 17
VisualStudioVersion = 17.0.31903.59
MinimumVisualStudioVersion = 10.0.40219.1
Project("{2150E333-8FDC-42A3-9474-1A3956D46DE8}") = "src", "src", "{B9122969-5AFC-4F9C-AD06-7416AF01966D}"
EndProject
Project("{FAE04EC0-301F-11D3-BF4B-00C04F79EFBC}") = "EquipAI.Application", "src\EquipAI.Application\EquipAI.Application.csproj", "{F0D1B347-ED5D-4C43-899D-B25514566FE2}"
EndProject
Project("{FAE04EC0-301F-11D3-BF4B-00C04F79EFBC}") = "EquipAI.Core", "src\EquipAI.Core\EquipAI.Core.csproj", "{B43D631F-27E7-4567-9131-6492DD12D86A}"
EndProject
Project("{FAE04EC0-301F-11D3-BF4B-00C04F79EFBC}") = "EquipAI.EdgeGateway", "src\EquipAI.EdgeGateway\EquipAI.EdgeGateway.csproj", "{CAE71CF5-8766-4774-A26D-E73CF2354AD2}"
EndProject
Project("{FAE04EC0-301F-11D3-BF4B-00C04F79EFBC}") = "EquipAI.Infrastructure", "src\EquipAI.Infrastructure\EquipAI.Infrastructure.csproj", "{89347E41-CAEF-49D5-92E8-32A1B42DF1B9}"
EndProject
Project("{FAE04EC0-301F-11D3-BF4B-00C04F79EFBC}") = "EquipAI.Simulator", "src\EquipAI.Simulator\EquipAI.Simulator.csproj", "{7BCDADD6-701C-40CC-A631-86826DB79F77}"
EndProject
Project("{FAE04EC0-301F-11D3-BF4B-00C04F79EFBC}") = "EquipAI.WebAPI", "src\EquipAI.WebAPI\EquipAI.WebAPI.csproj", "{9DD25672-D1F5-4F1E-9B60-ED53ED3B252F}"
EndProject
Project("{2150E333-8FDC-42A3-9474-1A3956D46DE8}") = "tests", "tests", "{07E8CC4D-9D49-48D6-A7B4-A358472E9061}"
EndProject
Project("{FAE04EC0-301F-11D3-BF4B-00C04F79EFBC}") = "EquipAI.Tests.Integration", "tests\EquipAI.Tests.Integration\EquipAI.Tests.Integration.csproj", "{0E41CAD3-A55A-426F-99E3-A6AEE6F7EF85}"
EndProject
Project("{FAE04EC0-301F-11D3-BF4B-00C04F79EFBC}") = "EquipAI.Tests.Unit", "tests\EquipAI.Tests.Unit\EquipAI.Tests.Unit.csproj", "{9EAE6369-3589-40E4-9561-89C08AD8EA39}"
EndProject
Global
	GlobalSection(SolutionConfigurationPlatforms) = preSolution
		Debug|Any CPU = Debug|Any CPU
		Release|Any CPU = Release|Any CPU
	EndGlobalSection
	GlobalSection(SolutionProperties) = preSolution
		HideSolutionNode = FALSE
	EndGlobalSection
	GlobalSection(ProjectConfigurationPlatforms) = postSolution
		{F0D1B347-ED5D-4C43-899D-B25514566FE2}.Debug|Any CPU.ActiveCfg = Debug|Any CPU
		{F0D1B347-ED5D-4C43-899D-B25514566FE2}.Debug|Any CPU.Build.0 = Debug|Any CPU
		{F0D1B347-ED5D-4C43-899D-B25514566FE2}.Release|Any CPU.ActiveCfg = Release|Any CPU
		{F0D1B347-ED5D-4C43-899D-B25514566FE2}.Release|Any CPU.Build.0 = Release|Any CPU
		{B43D631F-27E7-4567-9131-6492DD12D86A}.Debug|Any CPU.ActiveCfg = Debug|Any CPU
		{B43D631F-27E7-4567-9131-6492DD12D86A}.Debug|Any CPU.Build.0 = Debug|Any CPU
		{B43D631F-27E7-4567-9131-6492DD12D86A}.Release|Any CPU.ActiveCfg = Release|Any CPU
		{B43D631F-27E7-4567-9131-6492DD12D86A}.Release|Any CPU.Build.0 = Release|Any CPU
		{CAE71CF5-8766-4774-A26D-E73CF2354AD2}.Debug|Any CPU.ActiveCfg = Debug|Any CPU
		{CAE71CF5-8766-4774-A26D-E73CF2354AD2}.Debug|Any CPU.Build.0 = Debug|Any CPU
		{CAE71CF5-8766-4774-A26D-E73CF2354AD2}.Release|Any CPU.ActiveCfg = Release|Any CPU
		{CAE71CF5-8766-4774-A26D-E73CF2354AD2}.Release|Any CPU.Build.0 = Release|Any CPU
		{89347E41-CAEF-49D5-92E8-32A1B42DF1B9}.Debug|Any CPU.ActiveCfg = Debug|Any CPU
		{89347E41-CAEF-49D5-92E8-32A1B42DF1B9}.Debug|Any CPU.Build.0 = Debug|Any CPU
		{89347E41-CAEF-49D5-92E8-32A1B42DF1B9}.Release|Any CPU.ActiveCfg = Release|Any CPU
		{89347E41-CAEF-49D5-92E8-32A1B42DF1B9}.Release|Any CPU.Build.0 = Release|Any CPU
		{7BCDADD6-701C-40CC-A631-86826DB79F77}.Debug|Any CPU.ActiveCfg = Debug|Any CPU
		{7BCDADD6-701C-40CC-A631-86826DB79F77}.Debug|Any CPU.Build.0 = Debug|Any CPU
		{7BCDADD6-701C-40CC-A631-86826DB79F77}.Release|Any CPU.ActiveCfg = Release|Any CPU
		{7BCDADD6-701C-40CC-A631-86826DB79F77}.Release|Any CPU.Build.0 = Release|Any CPU
		{9DD25672-D1F5-4F1E-9B60-ED53ED3B252F}.Debug|Any CPU.ActiveCfg = Debug|Any CPU
		{9DD25672-D1F5-4F1E-9B60-ED53ED3B252F}.Debug|Any CPU.Build.0 = Debug|Any CPU
		{9DD25672-D1F5-4F1E-9B60-ED53ED3B252F}.Release|Any CPU.ActiveCfg = Release|Any CPU
		{9DD25672-D1F5-4F1E-9B60-ED53ED3B252F}.Release|Any CPU.Build.0 = Release|Any CPU
		{0E41CAD3-A55A-426F-99E3-A6AEE6F7EF85}.Debug|Any CPU.ActiveCfg = Debug|Any CPU
		{0E41CAD3-A55A-426F-99E3-A6AEE6F7EF85}.Debug|Any CPU.Build.0 = Debug|Any CPU
		{0E41CAD3-A55A-426F-99E3-A6AEE6F7EF85}.Release|Any CPU.ActiveCfg = Release|Any CPU
		{0E41CAD3-A55A-426F-99E3-A6AEE6F7EF85}.Release|Any CPU.Build.0 = Release|Any CPU
		{9EAE6369-3589-40E4-9561-89C08AD8EA39}.Debug|Any CPU.ActiveCfg = Debug|Any CPU
		{9EAE6369-3589-40E4-9561-89C08AD8EA39}.Debug|Any CPU.Build.0 = Debug|Any CPU
		{9EAE6369-3589-40E4-9561-89C08AD8EA39}.Release|Any CPU.ActiveCfg = Release|Any CPU
		{9EAE6369-3589-40E4-9561-89C08AD8EA39}.Release|Any CPU.Build.0 = Release|Any CPU
	EndGlobalSection
	GlobalSection(NestedProjects) = preSolution
		{F0D1B347-ED5D-4C43-899D-B25514566FE2} = {B9122969-5AFC-4F9C-AD06-7416AF01966D}
		{B43D631F-27E7-4567-9131-6492DD12D86A} = {B9122969-5AFC-4F9C-AD06-7416AF01966D}
		{CAE71CF5-8766-4774-A26D-E73CF2354AD2} = {B9122969-5AFC-4F9C-AD06-7416AF01966D}
		{89347E41-CAEF-49D5-92E8-32A1B42DF1B9} = {B9122969-5AFC-4F9C-AD06-7416AF01966D}
		{7BCDADD6-701C-40CC-A631-86826DB79F77} = {B9122969-5AFC-4F9C-AD06-7416AF01966D}
		{9DD25672-D1F5-4F1E-9B60-ED53ED3B252F} = {B9122969-5AFC-4F9C-AD06-7416AF01966D}
		{0E41CAD3-A55A-426F-99E3-A6AEE6F7EF85} = {07E8CC4D-9D49-48D6-A7B4-A358472E9061}
		{9EAE6369-3589-40E4-9561-89C08AD8EA39} = {07E8CC4D-9D49-48D6-A7B4-A358472E9061}
	EndGlobalSection
EndGlobal
